
Microsoft Visual Studio Solution File, Format Version 12.00
# Visual Studio Version 16
VisualStudioVersion = 25.0.1700.0
MinimumVisualStudioVersion = 10.0.40219.1
Project("{FAE04EC0-301F-11D3-BF4B-00C04F79EFBC}") = "helloworld", "preview\helloworld.csproj", "{9F08F07C-4958-47E0-8E63-A05F7C7DD1B1}"
EndProject
Global
	GlobalSection(SolutionConfigurationPlatforms) = preSolution
		Debug|Any CPU = Debug|Any CPU
		Release|Any CPU = Release|Any CPU
	EndGlobalSection
	GlobalSection(ProjectConfigurationPlatforms) = postSolution
		{9F08F07C-4958-47E0-8E63-A05F7C7DD1B1}.Debug|Any CPU.ActiveCfg = Debug|Any CPU
		{9F08F07C-4958-47E0-8E63-A05F7C7DD1B1}.Debug|Any CPU.Build.0 = Debug|Any CPU
		{9F08F07C-4958-47E0-8E63-A05F7C7DD1B1}.Release|Any CPU.ActiveCfg = Release|Any CPU
		{9F08F07C-4958-47E0-8E63-A05F7C7DD1B1}.Release|Any CPU.Build.0 = Release|Any CPU
	EndGlobalSection
	GlobalSection(SolutionProperties) = preSolution
		HideSolutionNode = FALSE
	EndGlobalSection
	GlobalSection(ExtensibilityGlobals) = postSolution
		SolutionGuid = {E120A669-4003-46F7-9C21-001CED9FE266}
	EndGlobalSection
EndGlobal
