
Microsoft Visual Studio Solution File, Format Version 12.00
# Visual Studio Version 16
VisualStudioVersion = 25.0.1700.0
MinimumVisualStudioVersion = 10.0.40219.1
Project("{FAE04EC0-301F-11D3-BF4B-00C04F79EFBC}") = "linq", "linq\linq.csproj", "{F766FCCC-B552-495A-8C67-4DB4AF3E6BAD}"
EndProject
Global
	GlobalSection(SolutionConfigurationPlatforms) = preSolution
		Debug|Any CPU = Debug|Any CPU
		Release|Any CPU = Release|Any CPU
	EndGlobalSection
	GlobalSection(ProjectConfigurationPlatforms) = postSolution
		{F766FCCC-B552-495A-8C67-4DB4AF3E6BAD}.Debug|Any CPU.ActiveCfg = Debug|Any CPU
		{F766FCCC-B552-495A-8C67-4DB4AF3E6BAD}.Debug|Any CPU.Build.0 = Debug|Any CPU
		{F766FCCC-B552-495A-8C67-4DB4AF3E6BAD}.Release|Any CPU.ActiveCfg = Release|Any CPU
		{F766FCCC-B552-495A-8C67-4DB4AF3E6BAD}.Release|Any CPU.Build.0 = Release|Any CPU
	EndGlobalSection
	GlobalSection(SolutionProperties) = preSolution
		HideSolutionNode = FALSE
	EndGlobalSection
	GlobalSection(ExtensibilityGlobals) = postSolution
		SolutionGuid = {F6E3D285-A62E-4E9A-87BD-29CFF3A2CB29}
	EndGlobalSection
EndGlobal
